
Microsoft Visual Studio Solution File, Format Version 12.00
# Visual Studio Version 17
VisualStudioVersion = 17.8.34330.188
MinimumVisualStudioVersion = 10.0.40219.1
Project("{FAE04EC0-301F-11D3-BF4B-00C04F79EFBC}") = "Ispit.Todo", "Ispit.Todo\Ispit.Todo.csproj", "{2CAE67C4-81EA-4064-A221-3891F1BF32F2}"
EndProject
Global
	GlobalSection(SolutionConfigurationPlatforms) = preSolution
		Debug|Any CPU = Debug|Any CPU
		Release|Any CPU = Release|Any CPU
	EndGlobalSection
	GlobalSection(ProjectConfigurationPlatforms) = postSolution
		{2CAE67C4-81EA-4064-A221-3891F1BF32F2}.Debug|Any CPU.ActiveCfg = Debug|Any CPU
		{2CAE67C4-81EA-4064-A221-3891F1BF32F2}.Debug|Any CPU.Build.0 = Debug|Any CPU
		{2CAE67C4-81EA-4064-A221-3891F1BF32F2}.Release|Any CPU.ActiveCfg = Release|Any CPU
		{2CAE67C4-81EA-4064-A221-3891F1BF32F2}.Release|Any CPU.Build.0 = Release|Any CPU
	EndGlobalSection
	GlobalSection(SolutionProperties) = preSolution
		HideSolutionNode = FALSE
	EndGlobalSection
	GlobalSection(ExtensibilityGlobals) = postSolution
		SolutionGuid = {C74ABA8B-236A-4F1A-B6A0-5CF29D3E5B19}
	EndGlobalSection
EndGlobal
